#MicroXplorer Configuration settings - do not modify
SH.FMC_D7_DA7.0=FMC_D7,sd-16b-d1
PK5.Locked=true
SH.FMC_D0_DA0.ConfNb=1
RCC.USART1Freq_Value=100000000
PK5.Signal=LTDC_B6
SH.FMC_A8.ConfNb=1
SH.FMC_A4.ConfNb=1
PJ9.Mode=RGB888
SH.FMC_A0.ConfNb=1
SH.FMC_D6_DA6.ConfNb=1
FMC.SDClockPeriod2=FMC_SDRAM_CLOCK_PERIOD_2
SH.FMC_D9_DA9.ConfNb=1
FMC.RCDDelay1=2
FMC.SDClockPeriod1=FMC_SDRAM_CLOCK_PERIOD_2
SH.FMC_A0.0=FMC_A0,12b-sda1
PK0.Mode=RGB888
PG8.Signal=FMC_SDCLK
PG4.Signal=FMC_A14_BA0
RCC.PLLCLKFreq_Value=200000000
PI15.Locked=true
RCC.PLLQCLKFreq_Value=44444444.44444445
PJ10.GPIO_Speed=GPIO_SPEED_FREQ_VERY_HIGH
PG0.Signal=FMC_A10
FMC.LoadToActiveDelay1=2
PJ3.GPIOParameters=GPIO_Speed
PC3.Locked=true
PJ8.GPIO_Speed=GPIO_SPEED_FREQ_VERY_HIGH
SH.FMC_SDNWE.ConfNb=1
PK1.Signal=LTDC_G6
PC5.Mode=RMII
SH.FMC_D5_DA5.0=FMC_D5,sd-16b-d1
PG13.Signal=ETH_TXD0
PJ2.GPIOParameters=GPIO_Speed
PinOutPanel.RotationAngle=0
RCC.SYSCLKSource=RCC_SYSCLKSOURCE_PLLCLK
PJ10.Signal=LTDC_G3
PJ10.Locked=true
LWIP.NETMASK_ADDRESS=255.255.255.000
SH.FMC_D9_DA9.0=FMC_D9,sd-16b-d1
RCC.LPTIM1Freq_Value=50000000
NVIC.SVCall_IRQn=true\:0\:0\:false\:false\:true\:false\:false
CORTEX_M7.Enable-Cortex_Memory_Protection_Unit_Region0_Settings=MPU_REGION_ENABLE
PH5.Signal=FMC_SDNWE
RCC.PLL48CLockSelection=RCC_CLK48SOURCE_PLLSAIP
SH.FMC_SDNWE.0=FMC_SDNWE,12b-sda1
LWIP.IPParameters=LWIP_BROADCAST_PING,LWIP_MULTICAST_PING,LWIP_DHCP,IP_ADDRESS,NETMASK_ADDRESS,GATEWAY_ADDRESS,LWIP_TCP,MEMP_NUM_TCP_PCB,MEMP_NUM_UDP_PCB,LWIP_UDPLITE,LWIP_ICMP,LWIP_DNS,LWIP_MPU_COMPATIBLE,LWIP_RAW,PBUF_POOL_BUFSIZE
SH.FMC_D11_DA11.0=FMC_D11,sd-16b-d1
RCC.I2C4Freq_Value=50000000
PJ5.Mode=RGB888
RCC.APB2TimFreq_Value=200000000
SH.FMC_D10_DA10.ConfNb=1
PH1/OSC_OUT.Signal=RCC_OSC_OUT
PC3.Signal=FMC_SDCKE0
PD0.Signal=FMC_D2_DA2
RCC.SAI2Freq_Value=93750000
PD8.Signal=FMC_D13_DA13
PE1.Signal=FMC_NBL1
RCC.USART3Freq_Value=50000000
RCC.PLLSAIRCLKFreq_Value=62500000
ProjectManager.ProjectBuild=false
PJ14.Locked=true
NVIC.UsageFault_IRQn=true\:0\:0\:false\:false\:true\:false\:false
PJ10.GPIOParameters=GPIO_Speed
PJ14.Mode=RGB888
PG14.Mode=RMII
FMC.SelfRefreshTime1=4
ProjectManager.FirmwarePackage=STM32Cube FW_F7 V1.16.1
MxDb.Version=DB.6.0.21
LTDC.IPParameters=Layers,WindowX1_L0,WindowY1_L0,Alpha_L0,PixelFormat_L0,HSync,HBP,ActiveW,HFP,VSync,VBP,ActiveH,VFP,BlendingFactor1_L0,BlendingFactor2_L0,ImageWidth_L0,ImageHeight_L0
LTDC.PixelFormat_L0=LTDC_PIXEL_FORMAT_RGB565
PK7.Mode=RGB888
ProjectManager.BackupPrevious=false
PG12.GPIOParameters=GPIO_Speed
PJ2.Mode=RGB888
PE9.Signal=FMC_D6_DA6
PJ1.GPIOParameters=GPIO_Speed
SH.FMC_A2.0=FMC_A2,12b-sda1
SH.FMC_D15_DA15.ConfNb=1
PI15.GPIOParameters=GPIO_Speed
PJ1.GPIO_Speed=GPIO_SPEED_FREQ_VERY_HIGH
SH.FMC_D1_DA1.0=FMC_D1,sd-16b-d1
PK3.GPIO_ModeDefaultOutputPP=GPIO_MODE_OUTPUT_PP
NVIC.PendSV_IRQn=true\:0\:0\:false\:false\:true\:false\:false
PF3.Signal=FMC_A3
PE10.Signal=FMC_D7_DA7
LTDC.HSync=1
ProjectManager.HalAssertFull=false
PJ14.Signal=LTDC_B2
RCC.MCO2PinFreq_Value=200000000
Mcu.Package=TFBGA216
RCC.SDMMCClockSelection=RCC_SDMMC1CLKSOURCE_CLK48
PI10.GPIO_Speed=GPIO_SPEED_FREQ_VERY_HIGH
NVIC.TimeBase=TIM1_UP_TIM10_IRQn
PJ11.Locked=true
PK6.GPIO_Speed=GPIO_SPEED_FREQ_VERY_HIGH
PJ5.GPIOParameters=GPIO_Speed
SH.FMC_SDNCAS.ConfNb=1
PJ8.Locked=true
SH.FMC_A11.ConfNb=1
PJ4.Signal=LTDC_R5
NVIC.TimeBaseIP=TIM1
PJ3.Locked=true
FMC.WriteRecoveryTime1=2
SH.FMC_A1.0=FMC_A1,12b-sda1
PI12.GPIO_Speed=GPIO_SPEED_FREQ_VERY_HIGH
RCC.APB2CLKDivider=RCC_HCLK_DIV2
PJ3.GPIO_Speed=GPIO_SPEED_FREQ_VERY_HIGH
SH.FMC_SDCLK.0=FMC_SDCLK,12b-sda1
LTDC.VSync=10
RCC.CECFreq_Value=32786.88524590164
PF14.Signal=FMC_A8
RCC.APB1TimFreq_Value=100000000
VP_DMA2D_VS_DMA2D.Mode=DMA2D_Activate
NVIC.BusFault_IRQn=true\:0\:0\:false\:false\:true\:false\:false
FMC.RowCycleDelay2=6
FMC.RowCycleDelay1=6
PJ13.GPIOParameters=GPIO_Speed
PJ13.Mode=RGB888
PH8.Mode=I2C
PI12.GPIO_PuPd=GPIO_NOPULL
PJ0.Locked=true
PJ1.Mode=RGB888
PK1.Locked=true
SH.FMC_D3_DA3.0=FMC_D3,sd-16b-d1
PD15.Signal=FMC_D1_DA1
ProjectManager.CustomerFirmwarePackage=
CORTEX_M7.IsBufferable-Cortex_Memory_Protection_Unit_Region0_Settings=MPU_ACCESS_NOT_BUFFERABLE
PC4.Mode=RMII
PJ5.GPIO_Speed=GPIO_SPEED_FREQ_VERY_HIGH
RCC.PLLSAIQCLKFreq_Value=93750000
LWIP.IP_ADDRESS=192.168.001.068
SH.FMC_D3_DA3.ConfNb=1
PG12.Signal=LTDC_B4
PI14.GPIO_Speed=GPIO_SPEED_FREQ_VERY_HIGH
Mcu.Pin80=PE10
Mcu.Pin81=PE12
PK4.Signal=LTDC_B5
PK3.PinState=GPIO_PIN_SET
SH.FMC_A4.0=FMC_A4,12b-sda1
SH.FMC_A7.ConfNb=1
RCC.PLLQoutputFreq_Value=44444444.44444445
ProjectManager.ProjectFileName=IMG_Transfer_via_UDP.ioc
SH.FMC_A1.ConfNb=1
SH.FMC_A5.ConfNb=1
PJ15.GPIOParameters=GPIO_Speed
Mcu.Pin79=PE7
Mcu.PinsNb=87
I2C3.OwnAddress=112
Mcu.Pin73=PE11
Mcu.Pin74=PE14
Mcu.Pin71=PF11
Mcu.Pin72=PE9
PC13.Locked=true
Mcu.Pin77=PJ0
Mcu.Pin78=PJ1
Mcu.Pin75=PH8
PC13.Signal=GPIO_Input
Mcu.Pin76=PA7
SH.FMC_D10_DA10.0=FMC_D10,sd-16b-d1
CORTEX_M7.IsCacheable-Cortex_Memory_Protection_Unit_Region0_Settings=MPU_ACCESS_CACHEABLE
Mcu.Pin70=PJ2
PI10.Mode=RGB888
ETH.MACAddr=00\:80\:E1\:23\:45\:67
PD1.Signal=FMC_D3_DA3
PI12.Signal=GPIO_Output
LWIP.LWIP_DHCP=0
LWIP.LWIP_MPU_COMPATIBLE=1
Mcu.Pin68=PC5
Mcu.Pin69=PF14
RCC.UART8Freq_Value=50000000
RCC.APB1CLKDivider=RCC_HCLK_DIV4
PK2.Locked=true
LWIP.LWIP_UDPLITE=0
Mcu.Pin62=PG0
Mcu.Pin63=PJ3
Mcu.Pin60=PC4
Mcu.Pin61=PF13
LWIP.LWIP_MULTICAST_PING=1
Mcu.Pin66=PH7
Mcu.Pin67=PA2
Mcu.Pin64=PE8
Mcu.Pin65=PG4
PJ11.Signal=LTDC_G4
RCC.PLLSAIRDiv=RCC_PLLSAIDIVR_4
ETH.IPParameters=MediaInterface,PhyAddress,MACAddr
LTDC.ImageWidth_L0=480
PD10.Signal=FMC_D15_DA15
PJ6.Mode=RGB888
SH.FMC_A3.0=FMC_A3,12b-sda1
PJ7.Signal=LTDC_G0
PJ3.Signal=LTDC_R4
Mcu.Pin59=PA1
FMC.CASLatency1=FMC_SDRAM_CAS_LATENCY_2
Mcu.Pin57=PJ4
LWIP.PBUF_POOL_BUFSIZE=1200
Mcu.Pin58=PJ5
Mcu.Pin51=PD9
RCC.USART6Freq_Value=100000000
SH.FMC_D15_DA15.0=FMC_D15,sd-16b-d1
Mcu.Pin52=PD8
Mcu.Pin50=PD14
Mcu.Pin55=PG1
Mcu.Pin56=PF15
Mcu.Pin53=PC1
PJ14.GPIOParameters=GPIO_Speed
Mcu.Pin54=PF12
PI12.Locked=true
CORTEX_M7.BaseAddress-Cortex_Memory_Protection_Unit_Region0_Settings=0xC0000000
PI1.Locked=true
PJ13.GPIO_Speed=GPIO_SPEED_FREQ_VERY_HIGH
Mcu.Pin48=PD10
Mcu.Pin49=PC3
Mcu.Pin46=PJ6
Mcu.Pin47=PD15
PJ6.GPIOParameters=GPIO_Speed
Mcu.Pin40=PF4
Mcu.Pin41=PH5
PJ15.Signal=LTDC_B3
Mcu.Pin44=PJ9
PJ14.GPIO_Speed=GPIO_SPEED_FREQ_VERY_HIGH
Mcu.Pin45=PF5
Mcu.Pin42=PH3
LWIP.LWIP_ICMP=1
Mcu.Pin43=PJ7
ProjectManager.LastFirmware=true
FMC.ReadBurst1=FMC_SDRAM_RBURST_ENABLE
SH.FMC_A6.0=FMC_A6,12b-sda1
FMC.ReadBurst2=FMC_SDRAM_RBURST_ENABLE
PA1.Mode=RMII
PE14.Signal=FMC_D11_DA11
LWIP.MEMP_NUM_TCP_PCB=1
VP_DMA2D_VS_DMA2D.Signal=DMA2D_VS_DMA2D
PE15.Signal=FMC_D12_DA12
Mcu.Pin37=PJ8
Mcu.Pin38=PJ10
Mcu.Pin35=PF3
RCC.I2C1Freq_Value=50000000
Mcu.Pin36=PI14
PE8.Signal=FMC_D5_DA5
VP_SYS_VS_tim1.Signal=SYS_VS_tim1
RCC.PLLI2SPCLKFreq_Value=197916666.66666666
SH.FMC_D14_DA14.ConfNb=1
Mcu.Pin39=PG8
PI1.Signal=GPIO_Output
RCC.RNGFreq_Value=23437500
Mcu.Pin30=PF2
RCC.EthernetFreq_Value=200000000
Mcu.Pin33=PK0
CORTEX_M7.AccessPermission-Cortex_Memory_Protection_Unit_Region0_Settings=MPU_REGION_FULL_ACCESS
Mcu.Pin34=PH1/OSC_OUT
Mcu.Pin31=PI15
Mcu.Pin32=PJ11
NVIC.NonMaskableInt_IRQn=true\:0\:0\:false\:false\:true\:false\:false
PF13.Signal=FMC_A7
PA13.Mode=Serial_Wire
SH.FMC_SDNCAS.0=FMC_SDNCAS,12b-sda1
ProjectManager.FreePins=false
SH.FMC_NBL1.ConfNb=1
RCC.PLLI2SQCLKFreq_Value=197916666.66666666
PI9.GPIOParameters=GPIO_Speed
PJ1.Locked=true
Mcu.Pin26=PI9
Mcu.Pin27=PK1
Mcu.Pin24=PF1
ProjectManager.UnderRoot=true
Mcu.Pin25=PI12
CORTEX_M7.IPParameters=CPU_ICache,CPU_DCache,MPU_Control,Enable-Cortex_Memory_Protection_Unit_Region0_Settings,BaseAddress-Cortex_Memory_Protection_Unit_Region0_Settings,Size-Cortex_Memory_Protection_Unit_Region0_Settings,AccessPermission-Cortex_Memory_Protection_Unit_Region0_Settings,IsCacheable-Cortex_Memory_Protection_Unit_Region0_Settings,IsBufferable-Cortex_Memory_Protection_Unit_Region0_Settings,IsShareable-Cortex_Memory_Protection_Unit_Region0_Settings
Mcu.Pin28=PK2
Mcu.Pin29=PH0/OSC_IN
SH.FMC_D7_DA7.ConfNb=1
PJ15.Locked=true
PJ15.Mode=RGB888
Mcu.Pin22=PJ15
ETH.MediaInterface=ETH_MEDIA_INTERFACE_RMII
Mcu.Pin23=PI1
Mcu.Pin20=PK4
Mcu.Pin21=PK3
PK1.GPIO_Speed=GPIO_SPEED_FREQ_VERY_HIGH
PJ0.GPIOParameters=GPIO_Speed
PK4.Mode=RGB888
NVIC.ForceEnableDMAVector=true
NVIC.MemoryManagement_IRQn=true\:0\:0\:false\:false\:true\:false\:false
SH.FMC_A10.ConfNb=1
ProjectManager.CompilerOptimize=6
PG11.Mode=RMII
SH.FMC_A5.0=FMC_A5,12b-sda1
LTDC.Alpha_L0=255
PJ6.GPIO_Speed=GPIO_SPEED_FREQ_VERY_HIGH
PJ8.Signal=LTDC_G1
PJ7.Locked=true
SH.FMC_SDNRAS.ConfNb=1
ProjectManager.HeapSize=0x2000
Mcu.Pin15=PJ14
NVIC.HardFault_IRQn=true\:0\:0\:false\:false\:true\:false\:false
Mcu.Pin16=PD1
LWIP.Version=v2.1.2_Cube
Mcu.Pin13=PK5
Mcu.Pin14=PG12
Mcu.Pin19=PI10
PG12.GPIO_Speed=GPIO_SPEED_FREQ_VERY_HIGH
NVIC.TIM1_UP_TIM10_IRQn=true\:0\:0\:false\:false\:true\:false\:true
ProjectManager.ComputerToolchain=false
Mcu.Pin17=PC13
Mcu.Pin18=PF0
PJ10.Mode=RGB888
NVIC.PriorityGroup=NVIC_PRIORITYGROUP_4
Mcu.Pin11=PK7
Mcu.Pin12=PK6
Mcu.Pin10=PD0
PJ4.Mode=RGB888
PJ7.GPIOParameters=GPIO_Speed
PF4.Signal=FMC_A4
SH.FMC_D12_DA12.ConfNb=1
RCC.I2C2Freq_Value=50000000
PC1.Signal=ETH_MDC
PC1.Mode=RMII
PK5.GPIO_Speed=GPIO_SPEED_FREQ_VERY_HIGH
I2C3.I2C_Speed_Mode=I2C_Fast
Mcu.Family=STM32F7
FMC.IPParameters=CASLatency1,SDClockPeriod1,SDClockPeriod2,ReadBurst1,ReadBurst2,LoadToActiveDelay1,ExitSelfRefreshDelay1,SelfRefreshTime1,RowCycleDelay1,RowCycleDelay2,WriteRecoveryTime1,RPDelay1,RPDelay2,RCDDelay1
PC3.Mode=SdramChipSelect1_1
PK7.Signal=LTDC_DE
LTDC.BlendingFactor1_L0=LTDC_BLENDING_FACTOR1_PAxCA
ProjectManager.MainLocation=Core/Src
SH.FMC_A6.ConfNb=1
PK3.Signal=GPIO_Output
SH.FMC_A8.0=FMC_A8,12b-sda1
RCC.SAI1Freq_Value=93750000
RCC.CortexFreq_Value=200000000
SH.FMC_A2.ConfNb=1
PI1.GPIO_ModeDefaultOutputPP=GPIO_MODE_OUTPUT_PP
PK2.GPIO_Speed=GPIO_SPEED_FREQ_VERY_HIGH
PI10.GPIOParameters=GPIO_Speed
ProjectManager.KeepUserCode=true
Mcu.UserName=STM32F746NGHx
SH.FMC_D14_DA14.0=FMC_D14,sd-16b-d1
PJ9.GPIOParameters=GPIO_Speed
LTDC.HBP=43
SH.FMC_NBL0.0=FMC_NBL0,Sd2ByteEnable1
ProjectManager.functionlistsort=1-MX_GPIO_Init-GPIO-false-HAL-true,2-SystemClock_Config-RCC-false-HAL-false,3-MX_LTDC_Init-LTDC-true-HAL-true,4-MX_FMC_Init-FMC-true-HAL-true,5-MX_I2C3_Init-I2C3-true-HAL-true,6-MX_LWIP_Init-LWIP-false-HAL-false,7-MX_DMA2D_Init-DMA2D-true-HAL-true,0-MX_CORTEX_M7_Init-CORTEX_M7-false-HAL-true
SH.FMC_D6_DA6.0=FMC_D6,sd-16b-d1
RCC.PLLI2SRCLKFreq_Value=197916666.66666666
RCC.USART2Freq_Value=50000000
SH.FMC_A14_BA0.0=FMC_BA0,TwoSdramBanks1
SH.FMC_A11.0=FMC_A11,12b-sda1
PI9.GPIO_Speed=GPIO_SPEED_FREQ_VERY_HIGH
PJ2.GPIO_Speed=GPIO_SPEED_FREQ_VERY_HIGH
PC13.GPIO_Label=SDMMC_Detect
PK5.GPIOParameters=GPIO_Speed
PJ9.GPIO_Speed=GPIO_SPEED_FREQ_VERY_HIGH
PG11.Signal=ETH_TX_EN
PG15.Signal=FMC_SDNCAS
ProjectManager.StackSize=0x4000
PH3.Mode=SdramChipSelect1_1
RCC.I2C3Freq_Value=50000000
PJ6.Locked=true
Mcu.IP4=I2C3
PJ6.Signal=LTDC_R7
Mcu.IP5=LTDC
RCC.FCLKCortexFreq_Value=200000000
Mcu.IP2=ETH
PJ11.GPIO_Speed=GPIO_SPEED_FREQ_VERY_HIGH
Mcu.IP3=FMC
PK4.GPIOParameters=GPIO_Speed
Mcu.IP0=CORTEX_M7
SH.FMC_A7.0=FMC_A7,12b-sda1
Mcu.IP1=DMA2D
PE4.GPIOParameters=GPIO_Speed
LWIP.LWIP_RAW=1
PJ2.Signal=LTDC_R3
Mcu.UserConstants=
PH7.Locked=true
PI1.GPIOParameters=GPIO_Speed,PinState,GPIO_PuPd,GPIO_ModeDefaultOutputPP
RCC.SDMMCFreq_Value=23437500
Mcu.ThirdPartyNb=0
PH0/OSC_IN.Mode=HSE-External-Oscillator
RCC.HCLKFreq_Value=200000000
Mcu.IPNb=10
RCC.PLLI2SRoutputFreq_Value=197916666.66666666
ProjectManager.PreviousToolchain=STM32CubeIDE
RCC.SPDIFRXFreq_Value=197916666.66666666
SH.FMC_NBL1.0=FMC_NBL1,Sd2ByteEnable1
LTDC.WindowX1_L0=480
PF12.Signal=FMC_A6
PI9.Mode=RGB888
Mcu.Pin6=PG13
PJ8.GPIOParameters=GPIO_Speed
Mcu.Pin7=PG15
Mcu.Pin8=PG11
PK2.Mode=RGB888
Mcu.Pin9=PJ13
RCC.VCOSAIOutputFreq_Value=187500000
PJ2.Locked=true
SH.FMC_A10.0=FMC_A10,12b-sda1
RCC.AHBFreq_Value=200000000
Mcu.Pin0=PE4
I2C3.Speed=100
Mcu.Pin1=PG14
NVIC.ETH_IRQn=true\:0\:0\:false\:false\:true\:true\:true
GPIO.groupedBy=Group By Peripherals
Mcu.Pin2=PE1
Mcu.Pin3=PE0
PK3.Locked=true
Mcu.Pin4=PA14
Mcu.Pin5=PA13
I2C3.IPParameters=Timing,I2C_Speed_Mode,OwnAddress,Speed
RCC.HSE_VALUE=25000000
NVIC.DebugMonitor_IRQn=true\:0\:0\:false\:false\:true\:false\:false
SH.FMC_A14_BA0.ConfNb=1
SH.FMC_D8_DA8.0=FMC_D8,sd-16b-d1
FMC.ExitSelfRefreshDelay1=6
FMC.RPDelay2=2
FMC.RPDelay1=2
NVIC.SysTick_IRQn=true\:0\:0\:false\:false\:true\:false\:true
PI14.Mode=RGB888
SH.FMC_D2_DA2.0=FMC_D2,sd-16b-d1
LWIP.LWIP_TCP=0
LTDC.VBP=12
NVIC.I2C3_EV_IRQn=true\:0\:0\:false\:false\:true\:true\:true
PE13.Signal=FMC_D10_DA10
RCC.VCOInputFreq_Value=2083333.3333333333
PI1.GPIO_PuPd=GPIO_NOPULL
PA14.Mode=Serial_Wire
PE4.GPIO_Speed=GPIO_SPEED_FREQ_VERY_HIGH
PK6.Mode=RGB888
VP_SYS_VS_tim1.Mode=TIM1
PF11.Signal=FMC_SDNRAS
File.Version=6
SH.FMC_D5_DA5.ConfNb=1
PK3.GPIOParameters=GPIO_Speed,PinState,GPIO_PuPd,GPIO_ModeDefaultOutputPP
PJ7.GPIO_Speed=GPIO_SPEED_FREQ_VERY_HIGH
LTDC.HFP=8
SH.FMC_D2_DA2.ConfNb=1
LTDC.BlendingFactor2_L0=LTDC_BLENDING_FACTOR2_PAxCA
PG13.Mode=RMII
PE4.Mode=RGB888
PK6.GPIOParameters=GPIO_Speed
SH.FMC_SDNRAS.0=FMC_SDNRAS,12b-sda1
LTDC.ActiveW=480
PH1/OSC_OUT.Mode=HSE-External-Oscillator
PE4.Signal=LTDC_B0
LWIP.LWIP_BROADCAST_PING=1
PI12.GPIOParameters=GPIO_Speed,PinState,GPIO_PuPd,GPIO_ModeDefaultOutputPP
ProjectManager.ProjectName=IMG_Transfer_via_UDP
PH7.Mode=I2C
PJ0.Mode=RGB888
PJ9.Signal=LTDC_G2
SH.FMC_D0_DA0.0=FMC_D0,sd-16b-d1
SH.FMC_D4_DA4.ConfNb=1
ProjectManager.ToolChainLocation=
RCC.LSI_VALUE=32000
SH.FMC_A9.0=FMC_A9,12b-sda1
DMA2D.IPParameters=Mode
PJ1.Signal=LTDC_R2
SH.FMC_D4_DA4.0=FMC_D4,sd-16b-d1
RCC.PLLSAIN=90
PF5.Signal=FMC_A5
RCC.PLLSAIP=RCC_PLLSAIP_DIV8
RCC.PLLSAIR=3
PH7.Signal=I2C3_SCL
I2C3.Timing=0x0040EAFF
PJ7.Mode=RGB888
PF0.Signal=FMC_A0
PC5.Signal=ETH_RXD1
PK4.GPIO_Speed=GPIO_SPEED_FREQ_VERY_HIGH
PE7.Signal=FMC_D4_DA4
SH.FMC_NBL0.ConfNb=1
PI15.Mode=RGB888
Mcu.Pin84=VP_DMA2D_VS_DMA2D
VP_LWIP_VS_Enabled.Signal=LWIP_VS_Enabled
Mcu.Pin85=VP_LWIP_VS_Enabled
Mcu.Pin82=PE15
Mcu.Pin83=PE13
Mcu.Pin86=VP_SYS_VS_tim1
PK1.Mode=RGB888
SH.FMC_A3.ConfNb=1
RCC.PLLSourceVirtual=RCC_PLLSOURCE_HSE
PK6.Signal=LTDC_B7
PK6.Locked=true
RCC.I2SFreq_Value=197916666.66666666
PK4.Locked=true
PK2.Signal=LTDC_G7
SH.FMC_A9.ConfNb=1
CORTEX_M7.CPU_ICache=Enabled
LTDC.VFP=4
LTDC.WindowY1_L0=272
PA7.Mode=RMII
RCC.UART7Freq_Value=50000000
PJ8.Mode=RGB888
ProjectManager.NoMain=false
PG1.Signal=FMC_A11
PI14.Signal=LTDC_CLK
SH.FMC_SDCLK.ConfNb=1
PC4.Signal=ETH_RXD0
PI14.GPIOParameters=GPIO_Speed
ProjectManager.DefaultFWLocation=true
PI10.Signal=LTDC_HSYNC
PD9.Signal=FMC_D14_DA14
PK0.Locked=true
ProjectManager.DeletePrevious=true
RCC.LCDTFToutputFreq_Value=15625000
boardIOC=true
ETH.PhyAddress=0
PinOutPanel.CurrentBGAView=Top
RCC.FamilyName=M
VP_LWIP_VS_Enabled.Mode=Enabled
LWIP.GATEWAY_ADDRESS=192.168.001.001
LWIP.LWIP_DNS=0
PJ9.Locked=true
PJ11.Mode=RGB888
LWIP.MEMP_NUM_UDP_PCB=2
PA13.Signal=SYS_JTMS-SWDIO
CORTEX_M7.MPU_Control=__NULL
PK0.GPIO_Speed=GPIO_SPEED_FREQ_VERY_HIGH
PJ5.Locked=true
PK2.GPIOParameters=GPIO_Speed
PK7.GPIOParameters=GPIO_Speed
PJ0.GPIO_Speed=GPIO_SPEED_FREQ_VERY_HIGH
ProjectManager.TargetToolchain=STM32CubeIDE
PH8.Locked=true
SH.FMC_D13_DA13.0=FMC_D13,sd-16b-d1
LTDC.ActiveH=272
SH.FMC_D1_DA1.ConfNb=1
PH8.Signal=I2C3_SDA
PF2.Signal=FMC_A2
PK0.GPIOParameters=GPIO_Speed
ProjectManager.RegisterCallBack=
RCC.USBFreq_Value=23437500
RCC.PLLSAIoutputFreq_Value=23437500
PE11.Signal=FMC_D8_DA8
RCC.LSE_VALUE=32768
PK0.Signal=LTDC_G5
PA1.Signal=ETH_REF_CLK
RCC.VCOI2SOutputFreq_Value=395833333.3333333
PK5.Mode=RGB888
PG14.Signal=ETH_TXD1
PK3.GPIO_PuPd=GPIO_NOPULL
RCC.PLLSAIPCLKFreq_Value=23437500
board=STM32F746G-DISCO
PG12.Mode=RGB888
PJ15.GPIO_Speed=GPIO_SPEED_FREQ_VERY_HIGH
RCC.VCOOutputFreq_Value=400000000
PI9.Signal=LTDC_VSYNC
PJ3.Mode=RGB888
PH0/OSC_IN.Signal=RCC_OSC_IN
RCC.APB2Freq_Value=100000000
RCC.UART4Freq_Value=50000000
MxCube.Version=6.2.1
SH.FMC_D13_DA13.ConfNb=1
LTDC.Layers=0
PK7.GPIO_Speed=GPIO_SPEED_FREQ_VERY_HIGH
PC13.GPIOParameters=GPIO_Label
PJ4.GPIOParameters=GPIO_Speed
CORTEX_M7.IsShareable-Cortex_Memory_Protection_Unit_Region0_Settings=MPU_ACCESS_NOT_SHAREABLE
SH.FMC_D12_DA12.0=FMC_D12,sd-16b-d1
PF15.Signal=FMC_A9
PF1.Signal=FMC_A1
PI1.GPIO_Speed=GPIO_SPEED_FREQ_VERY_HIGH
SH.FMC_D11_DA11.ConfNb=1
RCC.UART5Freq_Value=50000000
RCC.IPParameters=AHBFreq_Value,APB1CLKDivider,APB1Freq_Value,APB1TimFreq_Value,APB2CLKDivider,APB2Freq_Value,APB2TimFreq_Value,CECFreq_Value,CortexFreq_Value,EthernetFreq_Value,FCLKCortexFreq_Value,FamilyName,HCLKFreq_Value,HSE_VALUE,HSI_VALUE,I2C1Freq_Value,I2C2Freq_Value,I2C3Freq_Value,I2C4Freq_Value,I2SFreq_Value,LCDTFToutputFreq_Value,LPTIM1Freq_Value,LSE_VALUE,LSI_VALUE,MCO2PinFreq_Value,PLL48CLockSelection,PLLCLKFreq_Value,PLLI2SN,PLLI2SPCLKFreq_Value,PLLI2SQCLKFreq_Value,PLLI2SRCLKFreq_Value,PLLI2SRoutputFreq_Value,PLLM,PLLQ,PLLQCLKFreq_Value,PLLQoutputFreq_Value,PLLSAIN,PLLSAIP,PLLSAIPCLKFreq_Value,PLLSAIQCLKFreq_Value,PLLSAIR,PLLSAIRCLKFreq_Value,PLLSAIRDiv,PLLSAIoutputFreq_Value,PLLSourceVirtual,RNGFreq_Value,SAI1Freq_Value,SAI2Freq_Value,SDMMCClockSelection,SDMMCFreq_Value,SPDIFRXFreq_Value,SYSCLKFreq_VALUE,SYSCLKSource,UART4Freq_Value,UART5Freq_Value,UART7Freq_Value,UART8Freq_Value,USART1Freq_Value,USART2Freq_Value,USART3Freq_Value,USART6Freq_Value,USBFreq_Value,VCOI2SOutputFreq_Value,VCOInputFreq_Value,VCOOutputFreq_Value,VCOSAIOutputFreq_Value
PI1.PinState=GPIO_PIN_SET
PJ0.Signal=LTDC_R1
ProjectManager.AskForMigrate=true
PE0.Signal=FMC_NBL0
Mcu.Name=STM32F746NGHx
CORTEX_M7.Size-Cortex_Memory_Protection_Unit_Region0_Settings=MPU_REGION_SIZE_4MB
PE12.Signal=FMC_D9_DA9
PA2.Signal=ETH_MDIO
Mcu.IP8=RCC
Mcu.IP9=SYS
PD14.Signal=FMC_D0_DA0
Mcu.IP6=LWIP
Mcu.IP7=NVIC
ProjectManager.CoupleFile=true
RCC.SYSCLKFreq_VALUE=200000000
PI15.GPIO_Speed=GPIO_SPEED_FREQ_VERY_HIGH
KeepUserPlacement=true
PG12.Locked=true
PI12.GPIO_ModeDefaultOutputPP=GPIO_MODE_OUTPUT_PP
PJ5.Signal=LTDC_R6
PJ4.Locked=true
PA14.Signal=SYS_JTCK-SWCLK
RCC.HSI_VALUE=16000000
RCC.PLLQ=9
PH3.Signal=FMC_SDNE0
RCC.PLLM=12
PK3.GPIO_Speed=GPIO_SPEED_FREQ_VERY_HIGH
PI15.Signal=LTDC_R0
PA2.Mode=RMII
CORTEX_M7.CPU_DCache=Enabled
PJ4.GPIO_Speed=GPIO_SPEED_FREQ_VERY_HIGH
SH.FMC_D8_DA8.ConfNb=1
RCC.APB1Freq_Value=50000000
LTDC.ImageHeight_L0=272
PJ11.GPIOParameters=GPIO_Speed
RCC.PLLI2SN=190
ProjectManager.DeviceId=STM32F746NGHx
DMA2D.Mode=DMA2D_M2M
ProjectManager.LibraryCopy=1
PJ13.Signal=LTDC_B1
PK1.GPIOParameters=GPIO_Speed
PI12.PinState=GPIO_PIN_SET
PA7.Signal=ETH_CRS_DV
isbadioc=false
